
Microsoft Visual Studio Solution File, Format Version 12.00
# Visual Studio 14
VisualStudioVersion = 14.0.23107.0
MinimumVisualStudioVersion = 10.0.40219.1
Project("{FAE04EC0-301F-11D3-BF4B-00C04F79EFBC}") = "ChatSystem.Api", "Server\ChatSystem.Api\ChatSystem.Api.csproj", "{6D9B5EB2-E695-4B11-B1B9-A14DDC7A8074}"
EndProject
Project("{2150E333-8FDC-42A3-9474-1A3956D46DE8}") = "Server", "Server", "{A8EFBDAF-328E-43CA-BF85-A34D2F56423E}"
EndProject
Project("{2150E333-8FDC-42A3-9474-1A3956D46DE8}") = "Data", "Data", "{1509624B-A82A-4B4F-AC18-54240F060944}"
EndProject
Project("{FAE04EC0-301F-11D3-BF4B-00C04F79EFBC}") = "ChatSystem.Models", "Data\ChatSystem.Models\ChatSystem.Models.csproj", "{79705D9A-E041-4B6F-9509-A22F155D16D0}"
EndProject
Project("{FAE04EC0-301F-11D3-BF4B-00C04F79EFBC}") = "ChatSystem.Data", "Data\ChatSystem.Data\ChatSystem.Data.csproj", "{7F876F27-12B6-44F9-A0FB-84C8B9EAAB5B}"
EndProject
Project("{2150E333-8FDC-42A3-9474-1A3956D46DE8}") = "Common", "Common", "{5E403201-5E56-4553-9A8D-0AD2D94A7140}"
EndProject
Project("{FAE04EC0-301F-11D3-BF4B-00C04F79EFBC}") = "ChatSystem.Common", "Common\ChatSystem.Common\ChatSystem.Common.csproj", "{C27A4974-7C8B-4626-AFF5-B0F6FE78E04A}"
EndProject
Project("{2150E333-8FDC-42A3-9474-1A3956D46DE8}") = "Services", "Services", "{CC87FDC2-134A-4005-BAEC-DE697CE59B53}"
EndProject
Project("{FAE04EC0-301F-11D3-BF4B-00C04F79EFBC}") = "ChatSystem.Services.Data", "Services\ChatSystem.Services.Data\ChatSystem.Services.Data.csproj", "{3449055C-CB4A-4510-99A5-6364AF92D0A5}"
EndProject
Project("{2150E333-8FDC-42A3-9474-1A3956D46DE8}") = "Tests", "Tests", "{5654792F-E7F1-418A-A6C5-389B81064687}"
EndProject
Project("{FAE04EC0-301F-11D3-BF4B-00C04F79EFBC}") = "ChatSystem.Services.Data.Tests", "ChatSystem.Services.Data.Tests\ChatSystem.Services.Data.Tests.csproj", "{4E8B6619-E042-4DB3-BEBA-7971AFBAA944}"
EndProject
Project("{FAE04EC0-301F-11D3-BF4B-00C04F79EFBC}") = "ChatSystem.Api.Tests", "ChatSystem.Api.Tests\ChatSystem.Api.Tests.csproj", "{E3A1B97E-A1B0-4D34-AFC8-5D7B958877EC}"
EndProject
Global
	GlobalSection(SolutionConfigurationPlatforms) = preSolution
		Debug|Any CPU = Debug|Any CPU
		Release|Any CPU = Release|Any CPU
	EndGlobalSection
	GlobalSection(ProjectConfigurationPlatforms) = postSolution
		{6D9B5EB2-E695-4B11-B1B9-A14DDC7A8074}.Debug|Any CPU.ActiveCfg = Debug|Any CPU
		{6D9B5EB2-E695-4B11-B1B9-A14DDC7A8074}.Debug|Any CPU.Build.0 = Debug|Any CPU
		{6D9B5EB2-E695-4B11-B1B9-A14DDC7A8074}.Release|Any CPU.ActiveCfg = Release|Any CPU
		{6D9B5EB2-E695-4B11-B1B9-A14DDC7A8074}.Release|Any CPU.Build.0 = Release|Any CPU
		{79705D9A-E041-4B6F-9509-A22F155D16D0}.Debug|Any CPU.ActiveCfg = Debug|Any CPU
		{79705D9A-E041-4B6F-9509-A22F155D16D0}.Debug|Any CPU.Build.0 = Debug|Any CPU
		{79705D9A-E041-4B6F-9509-A22F155D16D0}.Release|Any CPU.ActiveCfg = Release|Any CPU
		{79705D9A-E041-4B6F-9509-A22F155D16D0}.Release|Any CPU.Build.0 = Release|Any CPU
		{7F876F27-12B6-44F9-A0FB-84C8B9EAAB5B}.Debug|Any CPU.ActiveCfg = Debug|Any CPU
		{7F876F27-12B6-44F9-A0FB-84C8B9EAAB5B}.Debug|Any CPU.Build.0 = Debug|Any CPU
		{7F876F27-12B6-44F9-A0FB-84C8B9EAAB5B}.Release|Any CPU.ActiveCfg = Release|Any CPU
		{7F876F27-12B6-44F9-A0FB-84C8B9EAAB5B}.Release|Any CPU.Build.0 = Release|Any CPU
		{C27A4974-7C8B-4626-AFF5-B0F6FE78E04A}.Debug|Any CPU.ActiveCfg = Debug|Any CPU
		{C27A4974-7C8B-4626-AFF5-B0F6FE78E04A}.Debug|Any CPU.Build.0 = Debug|Any CPU
		{C27A4974-7C8B-4626-AFF5-B0F6FE78E04A}.Release|Any CPU.ActiveCfg = Release|Any CPU
		{C27A4974-7C8B-4626-AFF5-B0F6FE78E04A}.Release|Any CPU.Build.0 = Release|Any CPU
		{3449055C-CB4A-4510-99A5-6364AF92D0A5}.Debug|Any CPU.ActiveCfg = Debug|Any CPU
		{3449055C-CB4A-4510-99A5-6364AF92D0A5}.Debug|Any CPU.Build.0 = Debug|Any CPU
		{3449055C-CB4A-4510-99A5-6364AF92D0A5}.Release|Any CPU.ActiveCfg = Release|Any CPU
		{3449055C-CB4A-4510-99A5-6364AF92D0A5}.Release|Any CPU.Build.0 = Release|Any CPU
		{4E8B6619-E042-4DB3-BEBA-7971AFBAA944}.Debug|Any CPU.ActiveCfg = Debug|Any CPU
		{4E8B6619-E042-4DB3-BEBA-7971AFBAA944}.Debug|Any CPU.Build.0 = Debug|Any CPU
		{4E8B6619-E042-4DB3-BEBA-7971AFBAA944}.Release|Any CPU.ActiveCfg = Release|Any CPU
		{4E8B6619-E042-4DB3-BEBA-7971AFBAA944}.Release|Any CPU.Build.0 = Release|Any CPU
		{E3A1B97E-A1B0-4D34-AFC8-5D7B958877EC}.Debug|Any CPU.ActiveCfg = Debug|Any CPU
		{E3A1B97E-A1B0-4D34-AFC8-5D7B958877EC}.Debug|Any CPU.Build.0 = Debug|Any CPU
		{E3A1B97E-A1B0-4D34-AFC8-5D7B958877EC}.Release|Any CPU.ActiveCfg = Release|Any CPU
		{E3A1B97E-A1B0-4D34-AFC8-5D7B958877EC}.Release|Any CPU.Build.0 = Release|Any CPU
	EndGlobalSection
	GlobalSection(SolutionProperties) = preSolution
		HideSolutionNode = FALSE
	EndGlobalSection
	GlobalSection(NestedProjects) = preSolution
		{6D9B5EB2-E695-4B11-B1B9-A14DDC7A8074} = {A8EFBDAF-328E-43CA-BF85-A34D2F56423E}
		{79705D9A-E041-4B6F-9509-A22F155D16D0} = {1509624B-A82A-4B4F-AC18-54240F060944}
		{7F876F27-12B6-44F9-A0FB-84C8B9EAAB5B} = {1509624B-A82A-4B4F-AC18-54240F060944}
		{C27A4974-7C8B-4626-AFF5-B0F6FE78E04A} = {5E403201-5E56-4553-9A8D-0AD2D94A7140}
		{3449055C-CB4A-4510-99A5-6364AF92D0A5} = {CC87FDC2-134A-4005-BAEC-DE697CE59B53}
		{4E8B6619-E042-4DB3-BEBA-7971AFBAA944} = {5654792F-E7F1-418A-A6C5-389B81064687}
		{E3A1B97E-A1B0-4D34-AFC8-5D7B958877EC} = {5654792F-E7F1-418A-A6C5-389B81064687}
	EndGlobalSection
EndGlobal
